// !$*UTF8*$!
{
	archiveVersion = 1;
	classes = {
	};
	objectVersion = 50;
	objects = {

/* Begin PBXBuildFile section */
		41103A4222E9866F000D1926 /* AppDelegate.swift in Sources */ = {isa = PBXBuildFile; fileRef = 41103A4122E9866F000D1926 /* AppDelegate.swift */; };
		41103A4422E9866F000D1926 /* ViewController.swift in Sources */ = {isa = PBXBuildFile; fileRef = 41103A4322E9866F000D1926 /* ViewController.swift */; };
		41103A4722E9866F000D1926 /* Main.storyboard in Resources */ = {isa = PBXBuildFile; fileRef = 41103A4522E9866F000D1926 /* Main.storyboard */; };
		41103A4922E98671000D1926 /* Assets.xcassets in Resources */ = {isa = PBXBuildFile; fileRef = 41103A4822E98671000D1926 /* Assets.xcassets */; };
		41103A4C22E98671000D1926 /* LaunchScreen.storyboard in Resources */ = {isa = PBXBuildFile; fileRef = 41103A4A22E98671000D1926 /* LaunchScreen.storyboard */; };
		41103A6022E98FF0000D1926 /* MDCodable+Helper.swift in Sources */ = {isa = PBXBuildFile; fileRef = 41103A5F22E98FF0000D1926 /* MDCodable+Helper.swift */; };
/* End PBXBuildFile section */

/* Begin PBXFileReference section */
		41103A3E22E9866F000D1926 /* JsonToModel.app */ = {isa = PBXFileReference; explicitFileType = wrapper.application; includeInIndex = 0; path = JsonToModel.app; sourceTree = BUILT_PRODUCTS_DIR; };
		41103A4122E9866F000D1926 /* AppDelegate.swift */ = {isa = PBXFileReference; lastKnownFileType = sourcecode.swift; path = AppDelegate.swift; sourceTree = "<group>"; };
		41103A4322E9866F000D1926 /* ViewController.swift */ = {isa = PBXFileReference; lastKnownFileType = sourcecode.swift; path = ViewController.swift; sourceTree = "<group>"; };
		41103A4622E9866F000D1926 /* Base */ = {isa = PBXFileReference; lastKnownFileType = file.storyboard; name = Base; path = Base.lproj/Main.storyboard; sourceTree = "<group>"; };
		41103A4822E98671000D1926 /* Assets.xcassets */ = {isa = PBXFileReference; lastKnownFileType = folder.assetcatalog; path = Assets.xcassets; sourceTree = "<group>"; };
		41103A4B22E98671000D1926 /* Base */ = {isa = PBXFileReference; lastKnownFileType = file.storyboard; name = Base; path = Base.lproj/LaunchScreen.storyboard; sourceTree = "<group>"; };
		41103A4D22E98671000D1926 /* Info.plist */ = {isa = PBXFileReference; lastKnownFileType = text.plist.xml; path = Info.plist; sourceTree = "<group>"; };
		41103A5F22E98FF0000D1926 /* MDCodable+Helper.swift */ = {isa = PBXFileReference; fileEncoding = 4; lastKnownFileType = sourcecode.swift; path = "MDCodable+Helper.swift"; sourceTree = "<group>"; };
/* End PBXFileReference section */

/* Begin PBXFrameworksBuildPhase section */
		41103A3B22E9866F000D1926 /* Frameworks */ = {
			isa = PBXFrameworksBuildPhase;
			buildActionMask = 2147483647;
			files = (
			);
			runOnlyForDeploymentPostprocessing = 0;
		};
/* End PBXFrameworksBuildPhase section */

/* Begin PBXGroup section */
		41103A3522E9866F000D1926 = {
			isa = PBXGroup;
			children = (
				41103A4022E9866F000D1926 /* JsonToModel */,
				41103A3F22E9866F000D1926 /* Products */,
			);
			sourceTree = "<group>";
		};
		41103A3F22E9866F000D1926 /* Products */ = {
			isa = PBXGroup;
			children = (
				41103A3E22E9866F000D1926 /* JsonToModel.app */,
			);
			name = Products;
			sourceTree = "<group>";
		};
		41103A4022E9866F000D1926 /* JsonToModel */ = {
			isa = PBXGroup;
			children = (
				41103A4122E9866F000D1926 /* AppDelegate.swift */,
				41103A4322E9866F000D1926 /* ViewController.swift */,
				41103A5F22E98FF0000D1926 /* MDCodable+Helper.swift */,
				41103A4522E9866F000D1926 /* Main.storyboard */,
				41103A4822E98671000D1926 /* Assets.xcassets */,
				41103A4A22E98671000D1926 /* LaunchScreen.storyboard */,
				41103A4D22E98671000D1926 /* Info.plist */,
			);
			path = JsonToModel;
			sourceTree = "<group>";
		};
/* End PBXGroup section */

/* Begin PBXNativeTarget section */
		41103A3D22E9866F000D1926 /* JsonToModel */ = {
			isa = PBXNativeTarget;
			buildConfigurationList = 41103A5022E98671000D1926 /* Build configuration list for PBXNativeTarget "JsonToModel" */;
			buildPhases = (
				41103A3A22E9866F000D1926 /* Sources */,
				41103A3B22E9866F000D1926 /* Frameworks */,
				41103A3C22E9866F000D1926 /* Resources */,
			);
			buildRules = (
			);
			dependencies = (
			);
			name = JsonToModel;
			productName = JsonToModel;
			productReference = 41103A3E22E9866F000D1926 /* JsonToModel.app */;
			productType = "com.apple.product-type.application";
		};
/* End PBXNativeTarget section */

/* Begin PBXProject section */
		41103A3622E9866F000D1926 /* Project object */ = {
			isa = PBXProject;
			attributes = {
				LastSwiftUpdateCheck = 1020;
				LastUpgradeCheck = 1020;
				ORGANIZATIONNAME = " MarvinChan";
				TargetAttributes = {
					41103A3D22E9866F000D1926 = {
						CreatedOnToolsVersion = 10.2;
					};
				};
			};
			buildConfigurationList = 41103A3922E9866F000D1926 /* Build configuration list for PBXProject "JsonToModel" */;
			compatibilityVersion = "Xcode 9.3";
			developmentRegion = en;
			hasScannedForEncodings = 0;
			knownRegions = (
				en,
				Base,
			);
			mainGroup = 41103A3522E9866F000D1926;
			productRefGroup = 41103A3F22E9866F000D1926 /* Products */;
			projectDirPath = "";
			projectRoot = "";
			targets = (
				41103A3D22E9866F000D1926 /* JsonToModel */,
			);
		};
/* End PBXProject section */

/* Begin PBXResourcesBuildPhase section */
		41103A3C22E9866F000D1926 /* Resources */ = {
			isa = PBXResourcesBuildPhase;
			buildActionMask = 2147483647;
			files = (
				41103A4C22E98671000D1926 /* LaunchScreen.storyboard in Resources */,
				41103A4922E98671000D1926 /* Assets.xcassets in Resources */,
				41103A4722E9866F000D1926 /* Main.storyboard in Resources */,
			);
			runOnlyForDeploymentPostprocessing = 0;
		};
/* End PBXResourcesBuildPhase section */

/* Begin PBXSourcesBuildPhase section */
		41103A3A22E9866F000D1926 /* Sources */ = {
			isa = PBXSourcesBuildPhase;
			buildActionMask = 2147483647;
			files = (
				41103A4422E9866F000D1926 /* ViewController.swift in Sources */,
				41103A6022E98FF0000D1926 /* MDCodable+Helper.swift in Sources */,
				41103A4222E9866F000D1926 /* AppDelegate.swift in Sources */,
			);
			runOnlyForDeploymentPostprocessing = 0;
		};
/* End PBXSourcesBuildPhase section */

/* Begin PBXVariantGroup section */
		41103A4522E9866F000D1926 /* Main.storyboard */ = {
			isa = PBXVariantGroup;
			children = (
				41103A4622E9866F000D1926 /* Base */,
			);
			name = Main.storyboard;
			sourceTree = "<group>";
		};
		41103A4A22E98671000D1926 /* LaunchScreen.storyboard */ = {
			isa = PBXVariantGroup;
			children = (
				41103A4B22E98671000D1926 /* Base */,
			);
			name = LaunchScreen.storyboard;
			sourceTree = "<group>";
		};
/* End PBXVariantGroup section */

/* Begin XCBuildConfiguration section */
		41103A4E22E98671000D1926 /* Debug */ = {
			isa = XCBuildConfiguration;
			buildSettings = {
				ALWAYS_SEARCH_USER_PATHS = NO;
				CLANG_ANALYZER_NONNULL = YES;
				CLANG_ANALYZER_NUMBER_OBJECT_CONVERSION = YES_AGGRESSIVE;
				CLANG_CXX_LANGUAGE_STANDARD = "gnu++14";
				CLANG_CXX_LIBRARY = "libc++";
				CLANG_ENABLE_MODULES = YES;
				CLANG_ENABLE_OBJC_ARC = YES;
				CLANG_ENABLE_OBJC_WEAK = YES;
				CLANG_WARN_BLOCK_CAPTURE_AUTORELEASING = YES;
				CLANG_WARN_BOOL_CONVERSION = YES;
				CLANG_WARN_COMMA = YES;
				CLANG_WARN_CONSTANT_CONVERSION = YES;
				CLANG_WARN_DEPRECATED_OBJC_IMPLEMENTATIONS = YES;
				CLANG_WARN_DIRECT_OBJC_ISA_USAGE = YES_ERROR;
				CLANG_WARN_DOCUMENTATION_COMMENTS = YES;
				CLANG_WARN_EMPTY_BODY = YES;
				CLANG_WARN_ENUM_CONVERSION = YES;
				CLANG_WARN_INFINITE_RECURSION = YES;
				CLANG_WARN_INT_CONVERSION = YES;
				CLANG_WARN_NON_LITERAL_NULL_CONVERSION = YES;
				CLANG_WARN_OBJC_IMPLICIT_RETAIN_SELF = YES;
				CLANG_WARN_OBJC_LITERAL_CONVERSION = YES;
				CLANG_WARN_OBJC_ROOT_CLASS = YES_ERROR;
				CLANG_WARN_RANGE_LOOP_ANALYSIS = YES;
				CLANG_WARN_STRICT_PROTOTYPES = YES;
				CLANG_WARN_SUSPICIOUS_MOVE = YES;
				CLANG_WARN_UNGUARDED_AVAILABILITY = YES_AGGRESSIVE;
				CLANG_WARN_UNREACHABLE_CODE = YES;
				CLANG_WARN__DUPLICATE_METHOD_MATCH = YES;
				CODE_SIGN_IDENTITY = "iPhone Developer";
				COPY_PHASE_STRIP = NO;
				DEBUG_INFORMATION_FORMAT = dwarf;
				ENABLE_STRICT_OBJC_MSGSEND = YES;
				ENABLE_TESTABILITY = YES;
				GCC_C_LANGUAGE_STANDARD = gnu11;
				GCC_DYNAMIC_NO_PIC = NO;
				GCC_NO_COMMON_BLOCKS = YES;
				GCC_OPTIMIZATION_LEVEL = 0;
				GCC_PREPROCESSOR_DEFINITIONS = (
					"DEBUG=1",
					"$(inherited)",
				);
				GCC_WARN_64_TO_32_BIT_CONVERSION = YES;
				GCC_WARN_ABOUT_RETURN_TYPE = YES_ERROR;
				GCC_WARN_UNDECLARED_SELECTOR = YES;
				GCC_WARN_UNINITIALIZED_AUTOS = YES_AGGRESSIVE;
				GCC_WARN_UNUSED_FUNCTION = YES;
				GCC_WARN_UNUSED_VARIABLE = YES;
				IPHONEOS_DEPLOYMENT_TARGET = 12.2;
				MTL_ENABLE_DEBUG_INFO = INCLUDE_SOURCE;
				MTL_FAST_MATH = YES;
				ONLY_ACTIVE_ARCH = YES;
				SDKROOT = iphoneos;
				SWIFT_ACTIVE_COMPILATION_CONDITIONS = DEBUG;
				SWIFT_OPTIMIZATION_LEVEL = "-Onone";
			};
			name = Debug;
		};
		41103A4F22E98671000D1926 /* Release */ = {
			isa = XCBuildConfiguration;
			buildSettings = {
				ALWAYS_SEARCH_USER_PATHS = NO;
				CLANG_ANALYZER_NONNULL = YES;
				CLANG_ANALYZER_NUMBER_OBJECT_CONVERSION = YES_AGGRESSIVE;
				CLANG_CXX_LANGUAGE_STANDARD = "gnu++14";
				CLANG_CXX_LIBRARY = "libc++";
				CLANG_ENABLE_MODULES = YES;
				CLANG_ENABLE_OBJC_ARC = YES;
				CLANG_ENABLE_OBJC_WEAK = YES;
				CLANG_WARN_BLOCK_CAPTURE_AUTORELEASING = YES;
				CLANG_WARN_BOOL_CONVERSION = YES;
				CLANG_WARN_COMMA = YES;
				CLANG_WARN_CONSTANT_CONVERSION = YES;
				CLANG_WARN_DEPRECATED_OBJC_IMPLEMENTATIONS = YES;
				CLANG_WARN_DIRECT_OBJC_ISA_USAGE = YES_ERROR;
				CLANG_WARN_DOCUMENTATION_COMMENTS = YES;
				CLANG_WARN_EMPTY_BODY = YES;
				CLANG_WARN_ENUM_CONVERSION = YES;
				CLANG_WARN_INFINITE_RECURSION = YES;
				CLANG_WARN_INT_CONVERSION = YES;
				CLANG_WARN_NON_LITERAL_NULL_CONVERSION = YES;
				CLANG_WARN_OBJC_IMPLICIT_RETAIN_SELF = YES;
				CLANG_WARN_OBJC_LITERAL_CONVERSION = YES;
				CLANG_WARN_OBJC_ROOT_CLASS = YES_ERROR;
				CLANG_WARN_RANGE_LOOP_ANALYSIS = YES;
				CLANG_WARN_STRICT_PROTOTYPES = YES;
				CLANG_WARN_SUSPICIOUS_MOVE = YES;
				CLANG_WARN_UNGUARDED_AVAILABILITY = YES_AGGRESSIVE;
				CLANG_WARN_UNREACHABLE_CODE = YES;
				CLANG_WARN__DUPLICATE_METHOD_MATCH = YES;
				CODE_SIGN_IDENTITY = "iPhone Developer";
				COPY_PHASE_STRIP = NO;
				DEBUG_INFORMATION_FORMAT = "dwarf-with-dsym";
				ENABLE_NS_ASSERTIONS = NO;
				ENABLE_STRICT_OBJC_MSGSEND = YES;
				GCC_C_LANGUAGE_STANDARD = gnu11;
				GCC_NO_COMMON_BLOCKS = YES;
				GCC_WARN_64_TO_32_BIT_CONVERSION = YES;
				GCC_WARN_ABOUT_RETURN_TYPE = YES_ERROR;
				GCC_WARN_UNDECLARED_SELECTOR = YES;
				GCC_WARN_UNINITIALIZED_AUTOS = YES_AGGRESSIVE;
				GCC_WARN_UNUSED_FUNCTION = YES;
				GCC_WARN_UNUSED_VARIABLE = YES;
				IPHONEOS_DEPLOYMENT_TARGET = 12.2;
				MTL_ENABLE_DEBUG_INFO = NO;
				MTL_FAST_MATH = YES;
				SDKROOT = iphoneos;
				SWIFT_COMPILATION_MODE = wholemodule;
				SWIFT_OPTIMIZATION_LEVEL = "-O";
				VALIDATE_PRODUCT = YES;
			};
			name = Release;
		};
		41103A5122E98671000D1926 /* Debug */ = {
			isa = XCBuildConfiguration;
			buildSettings = {
				ASSETCATALOG_COMPILER_APPICON_NAME = AppIcon;
				CODE_SIGN_STYLE = Automatic;
				DEVELOPMENT_TEAM = HY4Q2RW5FF;
				INFOPLIST_FILE = JsonToModel/Info.plist;
				LD_RUNPATH_SEARCH_PATHS = (
					"$(inherited)",
					"@executable_path/Frameworks",
				);
				PRODUCT_BUNDLE_IDENTIFIER = com.marvin.JsonToModel;
				PRODUCT_NAME = "$(TARGET_NAME)";
				SWIFT_VERSION = 5.0;
				TARGETED_DEVICE_FAMILY = "1,2";
			};
			name = Debug;
		};
		41103A5222E98671000D1926 /* Release */ = {
			isa = XCBuildConfiguration;
			buildSettings = {
				ASSETCATALOG_COMPILER_APPICON_NAME = AppIcon;
				CODE_SIGN_STYLE = Automatic;
				DEVELOPMENT_TEAM = HY4Q2RW5FF;
				INFOPLIST_FILE = JsonToModel/Info.plist;
				LD_RUNPATH_SEARCH_PATHS = (
					"$(inherited)",
					"@executable_path/Frameworks",
				);
				PRODUCT_BUNDLE_IDENTIFIER = com.marvin.JsonToModel;
				PRODUCT_NAME = "$(TARGET_NAME)";
				SWIFT_VERSION = 5.0;
				TARGETED_DEVICE_FAMILY = "1,2";
			};
			name = Release;
		};
/* End XCBuildConfiguration section */

/* Begin XCConfigurationList section */
		41103A3922E9866F000D1926 /* Build configuration list for PBXProject "JsonToModel" */ = {
			isa = XCConfigurationList;
			buildConfigurations = (
				41103A4E22E98671000D1926 /* Debug */,
				41103A4F22E98671000D1926 /* Release */,
			);
			defaultConfigurationIsVisible = 0;
			defaultConfigurationName = Release;
		};
		41103A5022E98671000D1926 /* Build configuration list for PBXNativeTarget "JsonToModel" */ = {
			isa = XCConfigurationList;
			buildConfigurations = (
				41103A5122E98671000D1926 /* Debug */,
				41103A5222E98671000D1926 /* Release */,
			);
			defaultConfigurationIsVisible = 0;
			defaultConfigurationName = Release;
		};
/* End XCConfigurationList section */
	};
	rootObject = 41103A3622E9866F000D1926 /* Project object */;
}
